// !$*UTF8*$!
{
	archiveVersion = 1;
	classes = {
	};
	objectVersion = 77;
	objects = {

/* Begin PBXBuildFile section */
		35571C282CEB244000FABD1E /* ComposableArchitecture in Frameworks */ = {isa = PBXBuildFile; productRef = 35571C272CEB244000FABD1E /* ComposableArchitecture */; };
/* End PBXBuildFile section */

/* Begin PBXContainerItemProxy section */
		35571C0A2CEB20F900FABD1E /* PBXContainerItemProxy */ = {
			isa = PBXContainerItemProxy;
			containerPortal = 35571BF12CEB20F600FABD1E /* Project object */;
			proxyType = 1;
			remoteGlobalIDString = 35571BF82CEB20F600FABD1E;
			remoteInfo = Parang;
		};
		35571C142CEB20F900FABD1E /* PBXContainerItemProxy */ = {
			isa = PBXContainerItemProxy;
			containerPortal = 35571BF12CEB20F600FABD1E /* Project object */;
			proxyType = 1;
			remoteGlobalIDString = 35571BF82CEB20F600FABD1E;
			remoteInfo = Parang;
		};
/* End PBXContainerItemProxy section */

/* Begin PBXFileReference section */
		35571BF92CEB20F600FABD1E /* Parang.app */ = {isa = PBXFileReference; explicitFileType = wrapper.application; includeInIndex = 0; path = Parang.app; sourceTree = BUILT_PRODUCTS_DIR; };
		35571C092CEB20F900FABD1E /* ParangTests.xctest */ = {isa = PBXFileReference; explicitFileType = wrapper.cfbundle; includeInIndex = 0; path = ParangTests.xctest; sourceTree = BUILT_PRODUCTS_DIR; };
		35571C132CEB20F900FABD1E /* ParangUITests.xctest */ = {isa = PBXFileReference; explicitFileType = wrapper.cfbundle; includeInIndex = 0; path = ParangUITests.xctest; sourceTree = BUILT_PRODUCTS_DIR; };
/* End PBXFileReference section */

/* Begin PBXFileSystemSynchronizedRootGroup section */
		35571BFB2CEB20F600FABD1E /* Parang */ = {
			isa = PBXFileSystemSynchronizedRootGroup;
			path = Parang;
			sourceTree = "<group>";
		};
		35571C0C2CEB20F900FABD1E /* ParangTests */ = {
			isa = PBXFileSystemSynchronizedRootGroup;
			path = ParangTests;
			sourceTree = "<group>";
		};
		35571C162CEB20F900FABD1E /* ParangUITests */ = {
			isa = PBXFileSystemSynchronizedRootGroup;
			path = ParangUITests;
			sourceTree = "<group>";
		};
/* End PBXFileSystemSynchronizedRootGroup section */

/* Begin PBXFrameworksBuildPhase section */
		35571BF62CEB20F600FABD1E /* Frameworks */ = {
			isa = PBXFrameworksBuildPhase;
			buildActionMask = 2147483647;
			files = (
				35571C282CEB244000FABD1E /* ComposableArchitecture in Frameworks */,
			);
			runOnlyForDeploymentPostprocessing = 0;
		};
		35571C062CEB20F900FABD1E /* Frameworks */ = {
			isa = PBXFrameworksBuildPhase;
			buildActionMask = 2147483647;
			files = (
			);
			runOnlyForDeploymentPostprocessing = 0;
		};
		35571C102CEB20F900FABD1E /* Frameworks */ = {
			isa = PBXFrameworksBuildPhase;
			buildActionMask = 2147483647;
			files = (
			);
			runOnlyForDeploymentPostprocessing = 0;
		};
/* End PBXFrameworksBuildPhase section */

/* Begin PBXGroup section */
		35571BF02CEB20F600FABD1E = {
			isa = PBXGroup;
			children = (
				35571BFB2CEB20F600FABD1E /* Parang */,
				35571C0C2CEB20F900FABD1E /* ParangTests */,
				35571C162CEB20F900FABD1E /* ParangUITests */,
				35571BFA2CEB20F600FABD1E /* Products */,
			);
			sourceTree = "<group>";
		};
		35571BFA2CEB20F600FABD1E /* Products */ = {
			isa = PBXGroup;
			children = (
				35571BF92CEB20F600FABD1E /* Parang.app */,
				35571C092CEB20F900FABD1E /* ParangTests.xctest */,
				35571C132CEB20F900FABD1E /* ParangUITests.xctest */,
			);
			name = Products;
			sourceTree = "<group>";
		};
/* End PBXGroup section */

/* Begin PBXNativeTarget section */
		35571BF82CEB20F600FABD1E /* Parang */ = {
			isa = PBXNativeTarget;
			buildConfigurationList = 35571C1D2CEB20F900FABD1E /* Build configuration list for PBXNativeTarget "Parang" */;
			buildPhases = (
				35571BF52CEB20F600FABD1E /* Sources */,
				35571BF62CEB20F600FABD1E /* Frameworks */,
				35571BF72CEB20F600FABD1E /* Resources */,
			);
			buildRules = (
			);
			dependencies = (
			);
			fileSystemSynchronizedGroups = (
				35571BFB2CEB20F600FABD1E /* Parang */,
			);
			name = Parang;
			packageProductDependencies = (
				35571C272CEB244000FABD1E /* ComposableArchitecture */,
			);
			productName = Parang;
			productReference = 35571BF92CEB20F600FABD1E /* Parang.app */;
			productType = "com.apple.product-type.application";
		};
		35571C082CEB20F900FABD1E /* ParangTests */ = {
			isa = PBXNativeTarget;
			buildConfigurationList = 35571C202CEB20F900FABD1E /* Build configuration list for PBXNativeTarget "ParangTests" */;
			buildPhases = (
				35571C052CEB20F900FABD1E /* Sources */,
				35571C062CEB20F900FABD1E /* Frameworks */,
				35571C072CEB20F900FABD1E /* Resources */,
			);
			buildRules = (
			);
			dependencies = (
				35571C0B2CEB20F900FABD1E /* PBXTargetDependency */,
			);
			fileSystemSynchronizedGroups = (
				35571C0C2CEB20F900FABD1E /* ParangTests */,
			);
			name = ParangTests;
			packageProductDependencies = (
			);
			productName = ParangTests;
			productReference = 35571C092CEB20F900FABD1E /* ParangTests.xctest */;
			productType = "com.apple.product-type.bundle.unit-test";
		};
		35571C122CEB20F900FABD1E /* ParangUITests */ = {
			isa = PBXNativeTarget;
			buildConfigurationList = 35571C232CEB20F900FABD1E /* Build configuration list for PBXNativeTarget "ParangUITests" */;
			buildPhases = (
				35571C0F2CEB20F900FABD1E /* Sources */,
				35571C102CEB20F900FABD1E /* Frameworks */,
				35571C112CEB20F900FABD1E /* Resources */,
			);
			buildRules = (
			);
			dependencies = (
				35571C152CEB20F900FABD1E /* PBXTargetDependency */,
			);
			fileSystemSynchronizedGroups = (
				35571C162CEB20F900FABD1E /* ParangUITests */,
			);
			name = ParangUITests;
			packageProductDependencies = (
			);
			productName = ParangUITests;
			productReference = 35571C132CEB20F900FABD1E /* ParangUITests.xctest */;
			productType = "com.apple.product-type.bundle.ui-testing";
		};
/* End PBXNativeTarget section */

/* Begin PBXProject section */
		35571BF12CEB20F600FABD1E /* Project object */ = {
			isa = PBXProject;
			attributes = {
				BuildIndependentTargetsInParallel = 1;
				LastSwiftUpdateCheck = 1600;
				LastUpgradeCheck = 1600;
				TargetAttributes = {
					35571BF82CEB20F600FABD1E = {
						CreatedOnToolsVersion = 16.0;
					};
					35571C082CEB20F900FABD1E = {
						CreatedOnToolsVersion = 16.0;
						TestTargetID = 35571BF82CEB20F600FABD1E;
					};
					35571C122CEB20F900FABD1E = {
						CreatedOnToolsVersion = 16.0;
						TestTargetID = 35571BF82CEB20F600FABD1E;
					};
				};
			};
			buildConfigurationList = 35571BF42CEB20F600FABD1E /* Build configuration list for PBXProject "Parang" */;
			developmentRegion = en;
			hasScannedForEncodings = 0;
			knownRegions = (
				en,
				Base,
			);
			mainGroup = 35571BF02CEB20F600FABD1E;
			minimizedProjectReferenceProxies = 1;
			packageReferences = (
				35571C262CEB244000FABD1E /* XCRemoteSwiftPackageReference "swift-composable-architecture" */,
			);
			preferredProjectObjectVersion = 77;
			productRefGroup = 35571BFA2CEB20F600FABD1E /* Products */;
			projectDirPath = "";
			projectRoot = "";
			targets = (
				35571BF82CEB20F600FABD1E /* Parang */,
				35571C082CEB20F900FABD1E /* ParangTests */,
				35571C122CEB20F900FABD1E /* ParangUITests */,
			);
		};
/* End PBXProject section */

/* Begin PBXResourcesBuildPhase section */
		35571BF72CEB20F600FABD1E /* Resources */ = {
			isa = PBXResourcesBuildPhase;
			buildActionMask = 2147483647;
			files = (
			);
			runOnlyForDeploymentPostprocessing = 0;
		};
		35571C072CEB20F900FABD1E /* Resources */ = {
			isa = PBXResourcesBuildPhase;
			buildActionMask = 2147483647;
			files = (
			);
			runOnlyForDeploymentPostprocessing = 0;
		};
		35571C112CEB20F900FABD1E /* Resources */ = {
			isa = PBXResourcesBuildPhase;
			buildActionMask = 2147483647;
			files = (
			);
			runOnlyForDeploymentPostprocessing = 0;
		};
/* End PBXResourcesBuildPhase section */

/* Begin PBXSourcesBuildPhase section */
		35571BF52CEB20F600FABD1E /* Sources */ = {
			isa = PBXSourcesBuildPhase;
			buildActionMask = 2147483647;
			files = (
			);
			runOnlyForDeploymentPostprocessing = 0;
		};
		35571C052CEB20F900FABD1E /* Sources */ = {
			isa = PBXSourcesBuildPhase;
			buildActionMask = 2147483647;
			files = (
			);
			runOnlyForDeploymentPostprocessing = 0;
		};
		35571C0F2CEB20F900FABD1E /* Sources */ = {
			isa = PBXSourcesBuildPhase;
			buildActionMask = 2147483647;
			files = (
			);
			runOnlyForDeploymentPostprocessing = 0;
		};
/* End PBXSourcesBuildPhase section */

/* Begin PBXTargetDependency section */
		35571C0B2CEB20F900FABD1E /* PBXTargetDependency */ = {
			isa = PBXTargetDependency;
			target = 35571BF82CEB20F600FABD1E /* Parang */;
			targetProxy = 35571C0A2CEB20F900FABD1E /* PBXContainerItemProxy */;
		};
		35571C152CEB20F900FABD1E /* PBXTargetDependency */ = {
			isa = PBXTargetDependency;
			target = 35571BF82CEB20F600FABD1E /* Parang */;
			targetProxy = 35571C142CEB20F900FABD1E /* PBXContainerItemProxy */;
		};
/* End PBXTargetDependency section */

/* Begin XCBuildConfiguration section */
		35571C1B2CEB20F900FABD1E /* Debug */ = {
			isa = XCBuildConfiguration;
			buildSettings = {
				ALWAYS_SEARCH_USER_PATHS = NO;
				ASSETCATALOG_COMPILER_GENERATE_SWIFT_ASSET_SYMBOL_EXTENSIONS = YES;
				CLANG_ANALYZER_NONNULL = YES;
				CLANG_ANALYZER_NUMBER_OBJECT_CONVERSION = YES_AGGRESSIVE;
				CLANG_CXX_LANGUAGE_STANDARD = "gnu++20";
				CLANG_ENABLE_MODULES = YES;
				CLANG_ENABLE_OBJC_ARC = YES;
				CLANG_ENABLE_OBJC_WEAK = YES;
				CLANG_WARN_BLOCK_CAPTURE_AUTORELEASING = YES;
				CLANG_WARN_BOOL_CONVERSION = YES;
				CLANG_WARN_COMMA = YES;
				CLANG_WARN_CONSTANT_CONVERSION = YES;
				CLANG_WARN_DEPRECATED_OBJC_IMPLEMENTATIONS = YES;
				CLANG_WARN_DIRECT_OBJC_ISA_USAGE = YES_ERROR;
				CLANG_WARN_DOCUMENTATION_COMMENTS = YES;
				CLANG_WARN_EMPTY_BODY = YES;
				CLANG_WARN_ENUM_CONVERSION = YES;
				CLANG_WARN_INFINITE_RECURSION = YES;
				CLANG_WARN_INT_CONVERSION = YES;
				CLANG_WARN_NON_LITERAL_NULL_CONVERSION = YES;
				CLANG_WARN_OBJC_IMPLICIT_RETAIN_SELF = YES;
				CLANG_WARN_OBJC_LITERAL_CONVERSION = YES;
				CLANG_WARN_OBJC_ROOT_CLASS = YES_ERROR;
				CLANG_WARN_QUOTED_INCLUDE_IN_FRAMEWORK_HEADER = YES;
				CLANG_WARN_RANGE_LOOP_ANALYSIS = YES;
				CLANG_WARN_STRICT_PROTOTYPES = YES;
				CLANG_WARN_SUSPICIOUS_MOVE = YES;
				CLANG_WARN_UNGUARDED_AVAILABILITY = YES_AGGRESSIVE;
				CLANG_WARN_UNREACHABLE_CODE = YES;
				CLANG_WARN__DUPLICATE_METHOD_MATCH = YES;
				COPY_PHASE_STRIP = NO;
				DEBUG_INFORMATION_FORMAT = dwarf;
				ENABLE_STRICT_OBJC_MSGSEND = YES;
				ENABLE_TESTABILITY = YES;
				ENABLE_USER_SCRIPT_SANDBOXING = YES;
				GCC_C_LANGUAGE_STANDARD = gnu17;
				GCC_DYNAMIC_NO_PIC = NO;
				GCC_NO_COMMON_BLOCKS = YES;
				GCC_OPTIMIZATION_LEVEL = 0;
				GCC_PREPROCESSOR_DEFINITIONS = (
					"DEBUG=1",
					"$(inherited)",
				);
				GCC_WARN_64_TO_32_BIT_CONVERSION = YES;
				GCC_WARN_ABOUT_RETURN_TYPE = YES_ERROR;
				GCC_WARN_UNDECLARED_SELECTOR = YES;
				GCC_WARN_UNINITIALIZED_AUTOS = YES_AGGRESSIVE;
				GCC_WARN_UNUSED_FUNCTION = YES;
				GCC_WARN_UNUSED_VARIABLE = YES;
				IPHONEOS_DEPLOYMENT_TARGET = 18.0;
				LOCALIZATION_PREFERS_STRING_CATALOGS = YES;
				MTL_ENABLE_DEBUG_INFO = INCLUDE_SOURCE;
				MTL_FAST_MATH = YES;
				ONLY_ACTIVE_ARCH = YES;
				SDKROOT = iphoneos;
				SWIFT_ACTIVE_COMPILATION_CONDITIONS = "DEBUG $(inherited)";
				SWIFT_OPTIMIZATION_LEVEL = "-Onone";
			};
			name = Debug;
		};
		35571C1C2CEB20F900FABD1E /* Release */ = {
			isa = XCBuildConfiguration;
			buildSettings = {
				ALWAYS_SEARCH_USER_PATHS = NO;
				ASSETCATALOG_COMPILER_GENERATE_SWIFT_ASSET_SYMBOL_EXTENSIONS = YES;
				CLANG_ANALYZER_NONNULL = YES;
				CLANG_ANALYZER_NUMBER_OBJECT_CONVERSION = YES_AGGRESSIVE;
				CLANG_CXX_LANGUAGE_STANDARD = "gnu++20";
				CLANG_ENABLE_MODULES = YES;
				CLANG_ENABLE_OBJC_ARC = YES;
				CLANG_ENABLE_OBJC_WEAK = YES;
				CLANG_WARN_BLOCK_CAPTURE_AUTORELEASING = YES;
				CLANG_WARN_BOOL_CONVERSION = YES;
				CLANG_WARN_COMMA = YES;
				CLANG_WARN_CONSTANT_CONVERSION = YES;
				CLANG_WARN_DEPRECATED_OBJC_IMPLEMENTATIONS = YES;
				CLANG_WARN_DIRECT_OBJC_ISA_USAGE = YES_ERROR;
				CLANG_WARN_DOCUMENTATION_COMMENTS = YES;
				CLANG_WARN_EMPTY_BODY = YES;
				CLANG_WARN_ENUM_CONVERSION = YES;
				CLANG_WARN_INFINITE_RECURSION = YES;
				CLANG_WARN_INT_CONVERSION = YES;
				CLANG_WARN_NON_LITERAL_NULL_CONVERSION = YES;
				CLANG_WARN_OBJC_IMPLICIT_RETAIN_SELF = YES;
				CLANG_WARN_OBJC_LITERAL_CONVERSION = YES;
				CLANG_WARN_OBJC_ROOT_CLASS = YES_ERROR;
				CLANG_WARN_QUOTED_INCLUDE_IN_FRAMEWORK_HEADER = YES;
				CLANG_WARN_RANGE_LOOP_ANALYSIS = YES;
				CLANG_WARN_STRICT_PROTOTYPES = YES;
				CLANG_WARN_SUSPICIOUS_MOVE = YES;
				CLANG_WARN_UNGUARDED_AVAILABILITY = YES_AGGRESSIVE;
				CLANG_WARN_UNREACHABLE_CODE = YES;
				CLANG_WARN__DUPLICATE_METHOD_MATCH = YES;
				COPY_PHASE_STRIP = NO;
				DEBUG_INFORMATION_FORMAT = "dwarf-with-dsym";
				ENABLE_NS_ASSERTIONS = NO;
				ENABLE_STRICT_OBJC_MSGSEND = YES;
				ENABLE_USER_SCRIPT_SANDBOXING = YES;
				GCC_C_LANGUAGE_STANDARD = gnu17;
				GCC_NO_COMMON_BLOCKS = YES;
				GCC_WARN_64_TO_32_BIT_CONVERSION = YES;
				GCC_WARN_ABOUT_RETURN_TYPE = YES_ERROR;
				GCC_WARN_UNDECLARED_SELECTOR = YES;
				GCC_WARN_UNINITIALIZED_AUTOS = YES_AGGRESSIVE;
				GCC_WARN_UNUSED_FUNCTION = YES;
				GCC_WARN_UNUSED_VARIABLE = YES;
				IPHONEOS_DEPLOYMENT_TARGET = 18.0;
				LOCALIZATION_PREFERS_STRING_CATALOGS = YES;
				MTL_ENABLE_DEBUG_INFO = NO;
				MTL_FAST_MATH = YES;
				SDKROOT = iphoneos;
				SWIFT_COMPILATION_MODE = wholemodule;
				VALIDATE_PRODUCT = YES;
			};
			name = Release;
		};
		35571C1E2CEB20F900FABD1E /* Debug */ = {
			isa = XCBuildConfiguration;
			buildSettings = {
				ASSETCATALOG_COMPILER_APPICON_NAME = AppIcon;
				ASSETCATALOG_COMPILER_GLOBAL_ACCENT_COLOR_NAME = AccentColor;
				CODE_SIGN_STYLE = Automatic;
				CURRENT_PROJECT_VERSION = 1;
				DEVELOPMENT_ASSET_PATHS = "\"Parang/Preview Content\"";
				DEVELOPMENT_TEAM = 66M8AQQW3J;
				ENABLE_PREVIEWS = YES;
				GENERATE_INFOPLIST_FILE = YES;
				INFOPLIST_KEY_NSCameraUsageDescription = "\"사진 및 동영상 촬영을 위해 카메라 접근 권한이 필요합니다.\"";
				INFOPLIST_KEY_NSMicrophoneUsageDescription = "\"동영상 촬영시 오디오 녹음을 위해 마이크 접근 권한이 필요합니다.\"";
				INFOPLIST_KEY_NSPhotoLibraryUsageDescription = "\"촬영한 사진과 동영상을 저장하기 위해 사진 라이브러리 접근 권한이 필요합니다.\"";
				INFOPLIST_KEY_UIApplicationSceneManifest_Generation = YES;
				INFOPLIST_KEY_UIApplicationSupportsIndirectInputEvents = YES;
				INFOPLIST_KEY_UILaunchScreen_Generation = YES;
				INFOPLIST_KEY_UISupportedInterfaceOrientations_iPad = "UIInterfaceOrientationPortrait UIInterfaceOrientationPortraitUpsideDown UIInterfaceOrientationLandscapeLeft UIInterfaceOrientationLandscapeRight";
				INFOPLIST_KEY_UISupportedInterfaceOrientations_iPhone = "UIInterfaceOrientationPortrait UIInterfaceOrientationLandscapeLeft UIInterfaceOrientationLandscapeRight";
				IPHONEOS_DEPLOYMENT_TARGET = 17.0;
				LD_RUNPATH_SEARCH_PATHS = (
					"$(inherited)",
					"@executable_path/Frameworks",
				);
				MARKETING_VERSION = 1.0;
				PRODUCT_BUNDLE_IDENTIFIER = com.wroldeni.Parang;
				PRODUCT_NAME = "$(TARGET_NAME)";
				SWIFT_EMIT_LOC_STRINGS = YES;
				SWIFT_VERSION = 5.0;
				TARGETED_DEVICE_FAMILY = "1,2";
			};
			name = Debug;
		};
		35571C1F2CEB20F900FABD1E /* Release */ = {
			isa = XCBuildConfiguration;
			buildSettings = {
				ASSETCATALOG_COMPILER_APPICON_NAME = AppIcon;
				ASSETCATALOG_COMPILER_GLOBAL_ACCENT_COLOR_NAME = AccentColor;
				CODE_SIGN_STYLE = Automatic;
				CURRENT_PROJECT_VERSION = 1;
				DEVELOPMENT_ASSET_PATHS = "\"Parang/Preview Content\"";
				DEVELOPMENT_TEAM = 66M8AQQW3J;
				ENABLE_PREVIEWS = YES;
				GENERATE_INFOPLIST_FILE = YES;
				INFOPLIST_KEY_NSCameraUsageDescription = "\"사진 및 동영상 촬영을 위해 카메라 접근 권한이 필요합니다.\"";
				INFOPLIST_KEY_NSMicrophoneUsageDescription = "\"동영상 촬영시 오디오 녹음을 위해 마이크 접근 권한이 필요합니다.\"";
				INFOPLIST_KEY_NSPhotoLibraryUsageDescription = "\"촬영한 사진과 동영상을 저장하기 위해 사진 라이브러리 접근 권한이 필요합니다.\"";
				INFOPLIST_KEY_UIApplicationSceneManifest_Generation = YES;
				INFOPLIST_KEY_UIApplicationSupportsIndirectInputEvents = YES;
				INFOPLIST_KEY_UILaunchScreen_Generation = YES;
				INFOPLIST_KEY_UISupportedInterfaceOrientations_iPad = "UIInterfaceOrientationPortrait UIInterfaceOrientationPortraitUpsideDown UIInterfaceOrientationLandscapeLeft UIInterfaceOrientationLandscapeRight";
				INFOPLIST_KEY_UISupportedInterfaceOrientations_iPhone = "UIInterfaceOrientationPortrait UIInterfaceOrientationLandscapeLeft UIInterfaceOrientationLandscapeRight";
				IPHONEOS_DEPLOYMENT_TARGET = 17.0;
				LD_RUNPATH_SEARCH_PATHS = (
					"$(inherited)",
					"@executable_path/Frameworks",
				);
				MARKETING_VERSION = 1.0;
				PRODUCT_BUNDLE_IDENTIFIER = com.wroldeni.Parang;
				PRODUCT_NAME = "$(TARGET_NAME)";
				SWIFT_EMIT_LOC_STRINGS = YES;
				SWIFT_VERSION = 5.0;
				TARGETED_DEVICE_FAMILY = "1,2";
			};
			name = Release;
		};
		35571C212CEB20F900FABD1E /* Debug */ = {
			isa = XCBuildConfiguration;
			buildSettings = {
				BUNDLE_LOADER = "$(TEST_HOST)";
				CODE_SIGN_STYLE = Automatic;
				CURRENT_PROJECT_VERSION = 1;
				DEVELOPMENT_TEAM = 66M8AQQW3J;
				GENERATE_INFOPLIST_FILE = YES;
				IPHONEOS_DEPLOYMENT_TARGET = 18.0;
				MARKETING_VERSION = 1.0;
				PRODUCT_BUNDLE_IDENTIFIER = com.wroldeni.ParangTests;
				PRODUCT_NAME = "$(TARGET_NAME)";
				SWIFT_EMIT_LOC_STRINGS = NO;
				SWIFT_VERSION = 5.0;
				TARGETED_DEVICE_FAMILY = "1,2";
				TEST_HOST = "$(BUILT_PRODUCTS_DIR)/Parang.app/$(BUNDLE_EXECUTABLE_FOLDER_PATH)/Parang";
			};
			name = Debug;
		};
		35571C222CEB20F900FABD1E /* Release */ = {
			isa = XCBuildConfiguration;
			buildSettings = {
				BUNDLE_LOADER = "$(TEST_HOST)";
				CODE_SIGN_STYLE = Automatic;
				CURRENT_PROJECT_VERSION = 1;
				DEVELOPMENT_TEAM = 66M8AQQW3J;
				GENERATE_INFOPLIST_FILE = YES;
				IPHONEOS_DEPLOYMENT_TARGET = 18.0;
				MARKETING_VERSION = 1.0;
				PRODUCT_BUNDLE_IDENTIFIER = com.wroldeni.ParangTests;
				PRODUCT_NAME = "$(TARGET_NAME)";
				SWIFT_EMIT_LOC_STRINGS = NO;
				SWIFT_VERSION = 5.0;
				TARGETED_DEVICE_FAMILY = "1,2";
				TEST_HOST = "$(BUILT_PRODUCTS_DIR)/Parang.app/$(BUNDLE_EXECUTABLE_FOLDER_PATH)/Parang";
			};
			name = Release;
		};
		35571C242CEB20F900FABD1E /* Debug */ = {
			isa = XCBuildConfiguration;
			buildSettings = {
				CODE_SIGN_STYLE = Automatic;
				CURRENT_PROJECT_VERSION = 1;
				DEVELOPMENT_TEAM = 66M8AQQW3J;
				GENERATE_INFOPLIST_FILE = YES;
				MARKETING_VERSION = 1.0;
				PRODUCT_BUNDLE_IDENTIFIER = com.wroldeni.ParangUITests;
				PRODUCT_NAME = "$(TARGET_NAME)";
				SWIFT_EMIT_LOC_STRINGS = NO;
				SWIFT_VERSION = 5.0;
				TARGETED_DEVICE_FAMILY = "1,2";
				TEST_TARGET_NAME = Parang;
			};
			name = Debug;
		};
		35571C252CEB20F900FABD1E /* Release */ = {
			isa = XCBuildConfiguration;
			buildSettings = {
				CODE_SIGN_STYLE = Automatic;
				CURRENT_PROJECT_VERSION = 1;
				DEVELOPMENT_TEAM = 66M8AQQW3J;
				GENERATE_INFOPLIST_FILE = YES;
				MARKETING_VERSION = 1.0;
				PRODUCT_BUNDLE_IDENTIFIER = com.wroldeni.ParangUITests;
				PRODUCT_NAME = "$(TARGET_NAME)";
				SWIFT_EMIT_LOC_STRINGS = NO;
				SWIFT_VERSION = 5.0;
				TARGETED_DEVICE_FAMILY = "1,2";
				TEST_TARGET_NAME = Parang;
			};
			name = Release;
		};
/* End XCBuildConfiguration section */

/* Begin XCConfigurationList section */
		35571BF42CEB20F600FABD1E /* Build configuration list for PBXProject "Parang" */ = {
			isa = XCConfigurationList;
			buildConfigurations = (
				35571C1B2CEB20F900FABD1E /* Debug */,
				35571C1C2CEB20F900FABD1E /* Release */,
			);
			defaultConfigurationIsVisible = 0;
			defaultConfigurationName = Release;
		};
		35571C1D2CEB20F900FABD1E /* Build configuration list for PBXNativeTarget "Parang" */ = {
			isa = XCConfigurationList;
			buildConfigurations = (
				35571C1E2CEB20F900FABD1E /* Debug */,
				35571C1F2CEB20F900FABD1E /* Release */,
			);
			defaultConfigurationIsVisible = 0;
			defaultConfigurationName = Release;
		};
		35571C202CEB20F900FABD1E /* Build configuration list for PBXNativeTarget "ParangTests" */ = {
			isa = XCConfigurationList;
			buildConfigurations = (
				35571C212CEB20F900FABD1E /* Debug */,
				35571C222CEB20F900FABD1E /* Release */,
			);
			defaultConfigurationIsVisible = 0;
			defaultConfigurationName = Release;
		};
		35571C232CEB20F900FABD1E /* Build configuration list for PBXNativeTarget "ParangUITests" */ = {
			isa = XCConfigurationList;
			buildConfigurations = (
				35571C242CEB20F900FABD1E /* Debug */,
				35571C252CEB20F900FABD1E /* Release */,
			);
			defaultConfigurationIsVisible = 0;
			defaultConfigurationName = Release;
		};
/* End XCConfigurationList section */

/* Begin XCRemoteSwiftPackageReference section */
		35571C262CEB244000FABD1E /* XCRemoteSwiftPackageReference "swift-composable-architecture" */ = {
			isa = XCRemoteSwiftPackageReference;
			repositoryURL = "https://github.com/pointfreeco/swift-composable-architecture";
			requirement = {
				kind = exactVersion;
				version = 1.5.0;
			};
		};
/* End XCRemoteSwiftPackageReference section */

/* Begin XCSwiftPackageProductDependency section */
		35571C272CEB244000FABD1E /* ComposableArchitecture */ = {
			isa = XCSwiftPackageProductDependency;
			package = 35571C262CEB244000FABD1E /* XCRemoteSwiftPackageReference "swift-composable-architecture" */;
			productName = ComposableArchitecture;
		};
/* End XCSwiftPackageProductDependency section */
	};
	rootObject = 35571BF12CEB20F600FABD1E /* Project object */;
}
